
Microsoft Visual Studio Solution File, Format Version 12.00
Project("{F2A71F9B-5D33-465A-A702-920D77279786}") = "Api", "Api\Api.fsproj", "{A8CC583C-A5BB-4098-B64A-4C861FB2BD6C}"
EndProject
Project("{F2A71F9B-5D33-465A-A702-920D77279786}") = "Dal", "Dal\Dal.fsproj", "{CC40584A-F81F-452B-BA59-FAC2D5E14D97}"
EndProject
Project("{F2A71F9B-5D33-465A-A702-920D77279786}") = "Models", "Models\Models.fsproj", "{D4F875FE-3C85-4513-B7F3-138E85167107}"
EndProject
Project("{F2A71F9B-5D33-465A-A702-920D77279786}") = "Logic", "Logic\Logic.fsproj", "{3B4B0865-4130-441A-9232-8C7AB5978A2A}"
EndProject
Global
	GlobalSection(SolutionConfigurationPlatforms) = preSolution
		Debug|Any CPU = Debug|Any CPU
		Release|Any CPU = Release|Any CPU
	EndGlobalSection
	GlobalSection(ProjectConfigurationPlatforms) = postSolution
		{A8CC583C-A5BB-4098-B64A-4C861FB2BD6C}.Debug|Any CPU.ActiveCfg = Debug|Any CPU
		{A8CC583C-A5BB-4098-B64A-4C861FB2BD6C}.Debug|Any CPU.Build.0 = Debug|Any CPU
		{A8CC583C-A5BB-4098-B64A-4C861FB2BD6C}.Release|Any CPU.ActiveCfg = Release|Any CPU
		{A8CC583C-A5BB-4098-B64A-4C861FB2BD6C}.Release|Any CPU.Build.0 = Release|Any CPU
		{CC40584A-F81F-452B-BA59-FAC2D5E14D97}.Debug|Any CPU.ActiveCfg = Debug|Any CPU
		{CC40584A-F81F-452B-BA59-FAC2D5E14D97}.Debug|Any CPU.Build.0 = Debug|Any CPU
		{CC40584A-F81F-452B-BA59-FAC2D5E14D97}.Release|Any CPU.ActiveCfg = Release|Any CPU
		{CC40584A-F81F-452B-BA59-FAC2D5E14D97}.Release|Any CPU.Build.0 = Release|Any CPU
		{D4F875FE-3C85-4513-B7F3-138E85167107}.Debug|Any CPU.ActiveCfg = Debug|Any CPU
		{D4F875FE-3C85-4513-B7F3-138E85167107}.Debug|Any CPU.Build.0 = Debug|Any CPU
		{D4F875FE-3C85-4513-B7F3-138E85167107}.Release|Any CPU.ActiveCfg = Release|Any CPU
		{D4F875FE-3C85-4513-B7F3-138E85167107}.Release|Any CPU.Build.0 = Release|Any CPU
		{3B4B0865-4130-441A-9232-8C7AB5978A2A}.Debug|Any CPU.ActiveCfg = Debug|Any CPU
		{3B4B0865-4130-441A-9232-8C7AB5978A2A}.Debug|Any CPU.Build.0 = Debug|Any CPU
		{3B4B0865-4130-441A-9232-8C7AB5978A2A}.Release|Any CPU.ActiveCfg = Release|Any CPU
		{3B4B0865-4130-441A-9232-8C7AB5978A2A}.Release|Any CPU.Build.0 = Release|Any CPU
	EndGlobalSection
EndGlobal
