
Microsoft Visual Studio Solution File, Format Version 12.00
Project("{F2A71F9B-5D33-465A-A702-920D77279786}") = "webapifsharp", "SimpleCms\webapifsharp.fsproj", "{A8CC583C-A5BB-4098-B64A-4C861FB2BD6C}"
EndProject
Global
	GlobalSection(SolutionConfigurationPlatforms) = preSolution
		Debug|Any CPU = Debug|Any CPU
		Release|Any CPU = Release|Any CPU
	EndGlobalSection
	GlobalSection(ProjectConfigurationPlatforms) = postSolution
		{A8CC583C-A5BB-4098-B64A-4C861FB2BD6C}.Debug|Any CPU.ActiveCfg = Debug|Any CPU
		{A8CC583C-A5BB-4098-B64A-4C861FB2BD6C}.Debug|Any CPU.Build.0 = Debug|Any CPU
		{A8CC583C-A5BB-4098-B64A-4C861FB2BD6C}.Release|Any CPU.ActiveCfg = Release|Any CPU
		{A8CC583C-A5BB-4098-B64A-4C861FB2BD6C}.Release|Any CPU.Build.0 = Release|Any CPU
	EndGlobalSection
EndGlobal
